
Microsoft Visual Studio Solution File, Format Version 12.00
# Visual Studio 2013
VisualStudioVersion = 12.0.21005.1
MinimumVisualStudioVersion = 10.0.40219.1
Project("{FAE04EC0-301F-11D3-BF4B-00C04F79EFBC}") = "XUnit.OptionallyIgnore", "src\XUnit.OptionallyIgnore.csproj", "{AB6E878C-7D19-498C-BD01-9DFCBA5F842D}"
EndProject
Project("{FAE04EC0-301F-11D3-BF4B-00C04F79EFBC}") = "XUnit.OptionallyIgnore.Tester", "tests\XUnit.OptionallyIgnore.Tester.csproj", "{183D0B15-B14B-44D8-A9A6-15C9BF1343BD}"
EndProject
Global
	GlobalSection(SolutionConfigurationPlatforms) = preSolution
		Debug|Any CPU = Debug|Any CPU
		Release|Any CPU = Release|Any CPU
	EndGlobalSection
	GlobalSection(ProjectConfigurationPlatforms) = postSolution
		{AB6E878C-7D19-498C-BD01-9DFCBA5F842D}.Debug|Any CPU.ActiveCfg = Debug|Any CPU
		{AB6E878C-7D19-498C-BD01-9DFCBA5F842D}.Debug|Any CPU.Build.0 = Debug|Any CPU
		{AB6E878C-7D19-498C-BD01-9DFCBA5F842D}.Release|Any CPU.ActiveCfg = Release|Any CPU
		{AB6E878C-7D19-498C-BD01-9DFCBA5F842D}.Release|Any CPU.Build.0 = Release|Any CPU
		{183D0B15-B14B-44D8-A9A6-15C9BF1343BD}.Debug|Any CPU.ActiveCfg = Debug|Any CPU
		{183D0B15-B14B-44D8-A9A6-15C9BF1343BD}.Debug|Any CPU.Build.0 = Debug|Any CPU
		{183D0B15-B14B-44D8-A9A6-15C9BF1343BD}.Release|Any CPU.ActiveCfg = Release|Any CPU
		{183D0B15-B14B-44D8-A9A6-15C9BF1343BD}.Release|Any CPU.Build.0 = Release|Any CPU
	EndGlobalSection
	GlobalSection(SolutionProperties) = preSolution
		HideSolutionNode = FALSE
	EndGlobalSection
EndGlobal
